// !$*UTF8*$!
{
	archiveVersion = 1;
	classes = {
	};
	objectVersion = 56;
	objects = {

/* Begin PBXBuildFile section */
		A1A880A129CE7B9E001E232A /* CodeBaseApp.swift in Sources */ = {isa = PBXBuildFile; fileRef = A1A880A029CE7B9E001E232A /* CodeBaseApp.swift */; };
		A1A880A529CE7BA0001E232A /* Assets.xcassets in Resources */ = {isa = PBXBuildFile; fileRef = A1A880A429CE7BA0001E232A /* Assets.xcassets */; };
		A1A880A829CE7BA0001E232A /* Preview Assets.xcassets in Resources */ = {isa = PBXBuildFile; fileRef = A1A880A729CE7BA0001E232A /* Preview Assets.xcassets */; };
		A1A880B429CE7FC5001E232A /* GlobalFunctions.swift in Sources */ = {isa = PBXBuildFile; fileRef = A1A880B329CE7FC5001E232A /* GlobalFunctions.swift */; };
		A1A880BA29CE8003001E232A /* CoreDataPageViewModel.swift in Sources */ = {isa = PBXBuildFile; fileRef = A1A880B629CE8003001E232A /* CoreDataPageViewModel.swift */; };
		A1A880BB29CE8003001E232A /* CoreDataModel.xcdatamodeld in Sources */ = {isa = PBXBuildFile; fileRef = A1A880B729CE8003001E232A /* CoreDataModel.xcdatamodeld */; };
		A1A880BC29CE8003001E232A /* CoreDataPage.swift in Sources */ = {isa = PBXBuildFile; fileRef = A1A880B929CE8003001E232A /* CoreDataPage.swift */; };
		A1A899AE29D21F5000A05FF7 /* SwinjectPageViewModel.swift in Sources */ = {isa = PBXBuildFile; fileRef = A1A899AD29D21F5000A05FF7 /* SwinjectPageViewModel.swift */; };
		A1A899B029D21F7F00A05FF7 /* SwinjectPage.swift in Sources */ = {isa = PBXBuildFile; fileRef = A1A899AF29D21F7F00A05FF7 /* SwinjectPage.swift */; };
		A1B1A88C29D09CE200E0908E /* CoreDataService.swift in Sources */ = {isa = PBXBuildFile; fileRef = A1B1A88B29D09CE200E0908E /* CoreDataService.swift */; };
		A1B1A89229D0B3B100E0908E /* FruitEntity+CoreData.swift in Sources */ = {isa = PBXBuildFile; fileRef = A1B1A89129D0B3B100E0908E /* FruitEntity+CoreData.swift */; };
		CC26862373A4BE80B60CE3A7 /* Pods_CodeBase.framework in Frameworks */ = {isa = PBXBuildFile; fileRef = D3A5DDC76DB8ADF45F52E21F /* Pods_CodeBase.framework */; };
/* End PBXBuildFile section */

/* Begin PBXFileReference section */
		24AF3019135799BFAAE51A49 /* Pods-CodeBase.release.xcconfig */ = {isa = PBXFileReference; includeInIndex = 1; lastKnownFileType = text.xcconfig; name = "Pods-CodeBase.release.xcconfig"; path = "Target Support Files/Pods-CodeBase/Pods-CodeBase.release.xcconfig"; sourceTree = "<group>"; };
		93E93C4B7B5E00F1E1A0AB54 /* Pods-CodeBase.debug.xcconfig */ = {isa = PBXFileReference; includeInIndex = 1; lastKnownFileType = text.xcconfig; name = "Pods-CodeBase.debug.xcconfig"; path = "Target Support Files/Pods-CodeBase/Pods-CodeBase.debug.xcconfig"; sourceTree = "<group>"; };
		A1A8809D29CE7B9E001E232A /* CodeBase.app */ = {isa = PBXFileReference; explicitFileType = wrapper.application; includeInIndex = 0; path = CodeBase.app; sourceTree = BUILT_PRODUCTS_DIR; };
		A1A880A029CE7B9E001E232A /* CodeBaseApp.swift */ = {isa = PBXFileReference; lastKnownFileType = sourcecode.swift; path = CodeBaseApp.swift; sourceTree = "<group>"; };
		A1A880A429CE7BA0001E232A /* Assets.xcassets */ = {isa = PBXFileReference; lastKnownFileType = folder.assetcatalog; path = Assets.xcassets; sourceTree = "<group>"; };
		A1A880A729CE7BA0001E232A /* Preview Assets.xcassets */ = {isa = PBXFileReference; lastKnownFileType = folder.assetcatalog; path = "Preview Assets.xcassets"; sourceTree = "<group>"; };
		A1A880B229CE7CCB001E232A /* Info.plist */ = {isa = PBXFileReference; lastKnownFileType = text.plist.xml; path = Info.plist; sourceTree = "<group>"; };
		A1A880B329CE7FC5001E232A /* GlobalFunctions.swift */ = {isa = PBXFileReference; lastKnownFileType = sourcecode.swift; path = GlobalFunctions.swift; sourceTree = "<group>"; };
		A1A880B629CE8003001E232A /* CoreDataPageViewModel.swift */ = {isa = PBXFileReference; fileEncoding = 4; lastKnownFileType = sourcecode.swift; path = CoreDataPageViewModel.swift; sourceTree = "<group>"; };
		A1A880B829CE8003001E232A /* CoreDataModel.xcdatamodel */ = {isa = PBXFileReference; lastKnownFileType = wrapper.xcdatamodel; path = CoreDataModel.xcdatamodel; sourceTree = "<group>"; };
		A1A880B929CE8003001E232A /* CoreDataPage.swift */ = {isa = PBXFileReference; fileEncoding = 4; lastKnownFileType = sourcecode.swift; path = CoreDataPage.swift; sourceTree = "<group>"; };
		A1A899AD29D21F5000A05FF7 /* SwinjectPageViewModel.swift */ = {isa = PBXFileReference; lastKnownFileType = sourcecode.swift; path = SwinjectPageViewModel.swift; sourceTree = "<group>"; };
		A1A899AF29D21F7F00A05FF7 /* SwinjectPage.swift */ = {isa = PBXFileReference; lastKnownFileType = sourcecode.swift; path = SwinjectPage.swift; sourceTree = "<group>"; };
		A1B1A88B29D09CE200E0908E /* CoreDataService.swift */ = {isa = PBXFileReference; lastKnownFileType = sourcecode.swift; path = CoreDataService.swift; sourceTree = "<group>"; };
		A1B1A89129D0B3B100E0908E /* FruitEntity+CoreData.swift */ = {isa = PBXFileReference; lastKnownFileType = sourcecode.swift; path = "FruitEntity+CoreData.swift"; sourceTree = "<group>"; };
		D3A5DDC76DB8ADF45F52E21F /* Pods_CodeBase.framework */ = {isa = PBXFileReference; explicitFileType = wrapper.framework; includeInIndex = 0; path = Pods_CodeBase.framework; sourceTree = BUILT_PRODUCTS_DIR; };
/* End PBXFileReference section */

/* Begin PBXFrameworksBuildPhase section */
		A1A8809A29CE7B9E001E232A /* Frameworks */ = {
			isa = PBXFrameworksBuildPhase;
			buildActionMask = 2147483647;
			files = (
				CC26862373A4BE80B60CE3A7 /* Pods_CodeBase.framework in Frameworks */,
			);
			runOnlyForDeploymentPostprocessing = 0;
		};
/* End PBXFrameworksBuildPhase section */

/* Begin PBXGroup section */
		7958B5CC949B4BA74F6602B6 /* Frameworks */ = {
			isa = PBXGroup;
			children = (
				D3A5DDC76DB8ADF45F52E21F /* Pods_CodeBase.framework */,
			);
			name = Frameworks;
			sourceTree = "<group>";
		};
		9DCBD6F6634EE311EA1A9EC3 /* Pods */ = {
			isa = PBXGroup;
			children = (
				93E93C4B7B5E00F1E1A0AB54 /* Pods-CodeBase.debug.xcconfig */,
				24AF3019135799BFAAE51A49 /* Pods-CodeBase.release.xcconfig */,
			);
			path = Pods;
			sourceTree = "<group>";
		};
		A1A8809429CE7B9E001E232A = {
			isa = PBXGroup;
			children = (
				A1A8809F29CE7B9E001E232A /* CodeBase */,
				A1A8809E29CE7B9E001E232A /* Products */,
				9DCBD6F6634EE311EA1A9EC3 /* Pods */,
				7958B5CC949B4BA74F6602B6 /* Frameworks */,
			);
			sourceTree = "<group>";
		};
		A1A8809E29CE7B9E001E232A /* Products */ = {
			isa = PBXGroup;
			children = (
				A1A8809D29CE7B9E001E232A /* CodeBase.app */,
			);
			name = Products;
			sourceTree = "<group>";
		};
		A1A8809F29CE7B9E001E232A /* CodeBase */ = {
			isa = PBXGroup;
			children = (
				A1A880AE29CE7C12001E232A /* App */,
				A1A880AF29CE7C1C001E232A /* Common */,
				A1A880B029CE7C26001E232A /* Pages */,
				A1A880B129CE7C79001E232A /* Resources */,
			);
			path = CodeBase;
			sourceTree = "<group>";
		};
		A1A880A629CE7BA0001E232A /* Preview Content */ = {
			isa = PBXGroup;
			children = (
				A1A880A729CE7BA0001E232A /* Preview Assets.xcassets */,
			);
			path = "Preview Content";
			sourceTree = "<group>";
		};
		A1A880AE29CE7C12001E232A /* App */ = {
			isa = PBXGroup;
			children = (
				A1A880A029CE7B9E001E232A /* CodeBaseApp.swift */,
			);
			path = App;
			sourceTree = "<group>";
		};
		A1A880AF29CE7C1C001E232A /* Common */ = {
			isa = PBXGroup;
			children = (
				A1A880B329CE7FC5001E232A /* GlobalFunctions.swift */,
			);
			path = Common;
			sourceTree = "<group>";
		};
		A1A880B029CE7C26001E232A /* Pages */ = {
			isa = PBXGroup;
			children = (
				A1A899AA29D21F0500A05FF7 /* SwinjectPage */,
				A1A880B529CE8003001E232A /* CoreDataPage */,
			);
			path = Pages;
			sourceTree = "<group>";
		};
		A1A880B129CE7C79001E232A /* Resources */ = {
			isa = PBXGroup;
			children = (
				A1A880A429CE7BA0001E232A /* Assets.xcassets */,
				A1A880B229CE7CCB001E232A /* Info.plist */,
				A1A880A629CE7BA0001E232A /* Preview Content */,
			);
			path = Resources;
			sourceTree = "<group>";
		};
		A1A880B529CE8003001E232A /* CoreDataPage */ = {
			isa = PBXGroup;
			children = (
				A1B1A88B29D09CE200E0908E /* CoreDataService.swift */,
				A1B1A89329D0B3BA00E0908E /* Models */,
				A1B1A88F29D0B13F00E0908E /* View */,
			);
			path = CoreDataPage;
			sourceTree = "<group>";
		};
		A1A899AA29D21F0500A05FF7 /* SwinjectPage */ = {
			isa = PBXGroup;
			children = (
				A1A899AF29D21F7F00A05FF7 /* SwinjectPage.swift */,
				A1A899AD29D21F5000A05FF7 /* SwinjectPageViewModel.swift */,
			);
			path = SwinjectPage;
			sourceTree = "<group>";
		};
		A1B1A88F29D0B13F00E0908E /* View */ = {
			isa = PBXGroup;
			children = (
				A1A880B929CE8003001E232A /* CoreDataPage.swift */,
				A1A880B629CE8003001E232A /* CoreDataPageViewModel.swift */,
			);
			path = View;
			sourceTree = "<group>";
		};
		A1B1A89329D0B3BA00E0908E /* Models */ = {
			isa = PBXGroup;
			children = (
				A1A880B729CE8003001E232A /* CoreDataModel.xcdatamodeld */,
				A1B1A89129D0B3B100E0908E /* FruitEntity+CoreData.swift */,
			);
			path = Models;
			sourceTree = "<group>";
		};
/* End PBXGroup section */

/* Begin PBXNativeTarget section */
		A1A8809C29CE7B9E001E232A /* CodeBase */ = {
			isa = PBXNativeTarget;
			buildConfigurationList = A1A880AB29CE7BA0001E232A /* Build configuration list for PBXNativeTarget "CodeBase" */;
			buildPhases = (
				B814C4F79515C00DACC7D085 /* [CP] Check Pods Manifest.lock */,
				A1A8809929CE7B9E001E232A /* Sources */,
				A1A8809A29CE7B9E001E232A /* Frameworks */,
				A1A8809B29CE7B9E001E232A /* Resources */,
				C7BAFCDDC9978AF814C6CC81 /* [CP] Embed Pods Frameworks */,
			);
			buildRules = (
			);
			dependencies = (
			);
			name = CodeBase;
			productName = CodeBase;
			productReference = A1A8809D29CE7B9E001E232A /* CodeBase.app */;
			productType = "com.apple.product-type.application";
		};
/* End PBXNativeTarget section */

/* Begin PBXProject section */
		A1A8809529CE7B9E001E232A /* Project object */ = {
			isa = PBXProject;
			attributes = {
				BuildIndependentTargetsInParallel = 1;
				LastSwiftUpdateCheck = 1420;
				LastUpgradeCheck = 1420;
				TargetAttributes = {
					A1A8809C29CE7B9E001E232A = {
						CreatedOnToolsVersion = 14.2;
					};
				};
			};
			buildConfigurationList = A1A8809829CE7B9E001E232A /* Build configuration list for PBXProject "CodeBase" */;
			compatibilityVersion = "Xcode 14.0";
			developmentRegion = en;
			hasScannedForEncodings = 0;
			knownRegions = (
				en,
				Base,
			);
			mainGroup = A1A8809429CE7B9E001E232A;
			productRefGroup = A1A8809E29CE7B9E001E232A /* Products */;
			projectDirPath = "";
			projectRoot = "";
			targets = (
				A1A8809C29CE7B9E001E232A /* CodeBase */,
			);
		};
/* End PBXProject section */

/* Begin PBXResourcesBuildPhase section */
		A1A8809B29CE7B9E001E232A /* Resources */ = {
			isa = PBXResourcesBuildPhase;
			buildActionMask = 2147483647;
			files = (
				A1A880A829CE7BA0001E232A /* Preview Assets.xcassets in Resources */,
				A1A880A529CE7BA0001E232A /* Assets.xcassets in Resources */,
			);
			runOnlyForDeploymentPostprocessing = 0;
		};
/* End PBXResourcesBuildPhase section */

/* Begin PBXShellScriptBuildPhase section */
		B814C4F79515C00DACC7D085 /* [CP] Check Pods Manifest.lock */ = {
			isa = PBXShellScriptBuildPhase;
			buildActionMask = 2147483647;
			files = (
			);
			inputFileListPaths = (
			);
			inputPaths = (
				"${PODS_PODFILE_DIR_PATH}/Podfile.lock",
				"${PODS_ROOT}/Manifest.lock",
			);
			name = "[CP] Check Pods Manifest.lock";
			outputFileListPaths = (
			);
			outputPaths = (
				"$(DERIVED_FILE_DIR)/Pods-CodeBase-checkManifestLockResult.txt",
			);
			runOnlyForDeploymentPostprocessing = 0;
			shellPath = /bin/sh;
			shellScript = "diff \"${PODS_PODFILE_DIR_PATH}/Podfile.lock\" \"${PODS_ROOT}/Manifest.lock\" > /dev/null\nif [ $? != 0 ] ; then\n    # print error to STDERR\n    echo \"error: The sandbox is not in sync with the Podfile.lock. Run 'pod install' or update your CocoaPods installation.\" >&2\n    exit 1\nfi\n# This output is used by Xcode 'outputs' to avoid re-running this script phase.\necho \"SUCCESS\" > \"${SCRIPT_OUTPUT_FILE_0}\"\n";
			showEnvVarsInLog = 0;
		};
		C7BAFCDDC9978AF814C6CC81 /* [CP] Embed Pods Frameworks */ = {
			isa = PBXShellScriptBuildPhase;
			buildActionMask = 2147483647;
			files = (
			);
			inputFileListPaths = (
				"${PODS_ROOT}/Target Support Files/Pods-CodeBase/Pods-CodeBase-frameworks-${CONFIGURATION}-input-files.xcfilelist",
			);
			name = "[CP] Embed Pods Frameworks";
			outputFileListPaths = (
				"${PODS_ROOT}/Target Support Files/Pods-CodeBase/Pods-CodeBase-frameworks-${CONFIGURATION}-output-files.xcfilelist",
			);
			runOnlyForDeploymentPostprocessing = 0;
			shellPath = /bin/sh;
			shellScript = "\"${PODS_ROOT}/Target Support Files/Pods-CodeBase/Pods-CodeBase-frameworks.sh\"\n";
			showEnvVarsInLog = 0;
		};
/* End PBXShellScriptBuildPhase section */

/* Begin PBXSourcesBuildPhase section */
		A1A8809929CE7B9E001E232A /* Sources */ = {
			isa = PBXSourcesBuildPhase;
			buildActionMask = 2147483647;
			files = (
				A1A880A129CE7B9E001E232A /* CodeBaseApp.swift in Sources */,
				A1A880BA29CE8003001E232A /* CoreDataPageViewModel.swift in Sources */,
				A1B1A89229D0B3B100E0908E /* FruitEntity+CoreData.swift in Sources */,
				A1A899AE29D21F5000A05FF7 /* SwinjectPageViewModel.swift in Sources */,
				A1A880B429CE7FC5001E232A /* GlobalFunctions.swift in Sources */,
				A1A880BB29CE8003001E232A /* CoreDataModel.xcdatamodeld in Sources */,
				A1B1A88C29D09CE200E0908E /* CoreDataService.swift in Sources */,
				A1A899B029D21F7F00A05FF7 /* SwinjectPage.swift in Sources */,
				A1A880BC29CE8003001E232A /* CoreDataPage.swift in Sources */,
			);
			runOnlyForDeploymentPostprocessing = 0;
		};
/* End PBXSourcesBuildPhase section */

/* Begin XCBuildConfiguration section */
		A1A880A929CE7BA0001E232A /* Debug */ = {
			isa = XCBuildConfiguration;
			buildSettings = {
				ALWAYS_SEARCH_USER_PATHS = NO;
				CLANG_ANALYZER_NONNULL = YES;
				CLANG_ANALYZER_NUMBER_OBJECT_CONVERSION = YES_AGGRESSIVE;
				CLANG_CXX_LANGUAGE_STANDARD = "gnu++20";
				CLANG_ENABLE_MODULES = YES;
				CLANG_ENABLE_OBJC_ARC = YES;
				CLANG_ENABLE_OBJC_WEAK = YES;
				CLANG_WARN_BLOCK_CAPTURE_AUTORELEASING = YES;
				CLANG_WARN_BOOL_CONVERSION = YES;
				CLANG_WARN_COMMA = YES;
				CLANG_WARN_CONSTANT_CONVERSION = YES;
				CLANG_WARN_DEPRECATED_OBJC_IMPLEMENTATIONS = YES;
				CLANG_WARN_DIRECT_OBJC_ISA_USAGE = YES_ERROR;
				CLANG_WARN_DOCUMENTATION_COMMENTS = YES;
				CLANG_WARN_EMPTY_BODY = YES;
				CLANG_WARN_ENUM_CONVERSION = YES;
				CLANG_WARN_INFINITE_RECURSION = YES;
				CLANG_WARN_INT_CONVERSION = YES;
				CLANG_WARN_NON_LITERAL_NULL_CONVERSION = YES;
				CLANG_WARN_OBJC_IMPLICIT_RETAIN_SELF = YES;
				CLANG_WARN_OBJC_LITERAL_CONVERSION = YES;
				CLANG_WARN_OBJC_ROOT_CLASS = YES_ERROR;
				CLANG_WARN_QUOTED_INCLUDE_IN_FRAMEWORK_HEADER = YES;
				CLANG_WARN_RANGE_LOOP_ANALYSIS = YES;
				CLANG_WARN_STRICT_PROTOTYPES = YES;
				CLANG_WARN_SUSPICIOUS_MOVE = YES;
				CLANG_WARN_UNGUARDED_AVAILABILITY = YES_AGGRESSIVE;
				CLANG_WARN_UNREACHABLE_CODE = YES;
				CLANG_WARN__DUPLICATE_METHOD_MATCH = YES;
				COPY_PHASE_STRIP = NO;
				DEBUG_INFORMATION_FORMAT = dwarf;
				ENABLE_STRICT_OBJC_MSGSEND = YES;
				ENABLE_TESTABILITY = YES;
				GCC_C_LANGUAGE_STANDARD = gnu11;
				GCC_DYNAMIC_NO_PIC = NO;
				GCC_NO_COMMON_BLOCKS = YES;
				GCC_OPTIMIZATION_LEVEL = 0;
				GCC_PREPROCESSOR_DEFINITIONS = (
					"DEBUG=1",
					"$(inherited)",
				);
				GCC_WARN_64_TO_32_BIT_CONVERSION = YES;
				GCC_WARN_ABOUT_RETURN_TYPE = YES_ERROR;
				GCC_WARN_UNDECLARED_SELECTOR = YES;
				GCC_WARN_UNINITIALIZED_AUTOS = YES_AGGRESSIVE;
				GCC_WARN_UNUSED_FUNCTION = YES;
				GCC_WARN_UNUSED_VARIABLE = YES;
				IPHONEOS_DEPLOYMENT_TARGET = 16.2;
				MTL_ENABLE_DEBUG_INFO = INCLUDE_SOURCE;
				MTL_FAST_MATH = YES;
				ONLY_ACTIVE_ARCH = YES;
				SDKROOT = iphoneos;
				SWIFT_ACTIVE_COMPILATION_CONDITIONS = DEBUG;
				SWIFT_OPTIMIZATION_LEVEL = "-Onone";
			};
			name = Debug;
		};
		A1A880AA29CE7BA0001E232A /* Release */ = {
			isa = XCBuildConfiguration;
			buildSettings = {
				ALWAYS_SEARCH_USER_PATHS = NO;
				CLANG_ANALYZER_NONNULL = YES;
				CLANG_ANALYZER_NUMBER_OBJECT_CONVERSION = YES_AGGRESSIVE;
				CLANG_CXX_LANGUAGE_STANDARD = "gnu++20";
				CLANG_ENABLE_MODULES = YES;
				CLANG_ENABLE_OBJC_ARC = YES;
				CLANG_ENABLE_OBJC_WEAK = YES;
				CLANG_WARN_BLOCK_CAPTURE_AUTORELEASING = YES;
				CLANG_WARN_BOOL_CONVERSION = YES;
				CLANG_WARN_COMMA = YES;
				CLANG_WARN_CONSTANT_CONVERSION = YES;
				CLANG_WARN_DEPRECATED_OBJC_IMPLEMENTATIONS = YES;
				CLANG_WARN_DIRECT_OBJC_ISA_USAGE = YES_ERROR;
				CLANG_WARN_DOCUMENTATION_COMMENTS = YES;
				CLANG_WARN_EMPTY_BODY = YES;
				CLANG_WARN_ENUM_CONVERSION = YES;
				CLANG_WARN_INFINITE_RECURSION = YES;
				CLANG_WARN_INT_CONVERSION = YES;
				CLANG_WARN_NON_LITERAL_NULL_CONVERSION = YES;
				CLANG_WARN_OBJC_IMPLICIT_RETAIN_SELF = YES;
				CLANG_WARN_OBJC_LITERAL_CONVERSION = YES;
				CLANG_WARN_OBJC_ROOT_CLASS = YES_ERROR;
				CLANG_WARN_QUOTED_INCLUDE_IN_FRAMEWORK_HEADER = YES;
				CLANG_WARN_RANGE_LOOP_ANALYSIS = YES;
				CLANG_WARN_STRICT_PROTOTYPES = YES;
				CLANG_WARN_SUSPICIOUS_MOVE = YES;
				CLANG_WARN_UNGUARDED_AVAILABILITY = YES_AGGRESSIVE;
				CLANG_WARN_UNREACHABLE_CODE = YES;
				CLANG_WARN__DUPLICATE_METHOD_MATCH = YES;
				COPY_PHASE_STRIP = NO;
				DEBUG_INFORMATION_FORMAT = "dwarf-with-dsym";
				ENABLE_NS_ASSERTIONS = NO;
				ENABLE_STRICT_OBJC_MSGSEND = YES;
				GCC_C_LANGUAGE_STANDARD = gnu11;
				GCC_NO_COMMON_BLOCKS = YES;
				GCC_WARN_64_TO_32_BIT_CONVERSION = YES;
				GCC_WARN_ABOUT_RETURN_TYPE = YES_ERROR;
				GCC_WARN_UNDECLARED_SELECTOR = YES;
				GCC_WARN_UNINITIALIZED_AUTOS = YES_AGGRESSIVE;
				GCC_WARN_UNUSED_FUNCTION = YES;
				GCC_WARN_UNUSED_VARIABLE = YES;
				IPHONEOS_DEPLOYMENT_TARGET = 16.2;
				MTL_ENABLE_DEBUG_INFO = NO;
				MTL_FAST_MATH = YES;
				SDKROOT = iphoneos;
				SWIFT_COMPILATION_MODE = wholemodule;
				SWIFT_OPTIMIZATION_LEVEL = "-O";
				VALIDATE_PRODUCT = YES;
			};
			name = Release;
		};
		A1A880AC29CE7BA0001E232A /* Debug */ = {
			isa = XCBuildConfiguration;
			baseConfigurationReference = 93E93C4B7B5E00F1E1A0AB54 /* Pods-CodeBase.debug.xcconfig */;
			buildSettings = {
				ASSETCATALOG_COMPILER_APPICON_NAME = AppIcon;
				ASSETCATALOG_COMPILER_GLOBAL_ACCENT_COLOR_NAME = AccentColor;
				CODE_SIGN_STYLE = Automatic;
				CURRENT_PROJECT_VERSION = 1;
				DEVELOPMENT_ASSET_PATHS = "\"CodeBase/Resources/Preview Content\"";
				DEVELOPMENT_TEAM = 4X4Z9SSNGG;
				ENABLE_PREVIEWS = YES;
				GENERATE_INFOPLIST_FILE = YES;
				INFOPLIST_FILE = CodeBase/Resources/Info.plist;
				INFOPLIST_KEY_UIApplicationSupportsIndirectInputEvents = YES;
				INFOPLIST_KEY_UILaunchScreen_Generation = YES;
				INFOPLIST_KEY_UISupportedInterfaceOrientations_iPad = "UIInterfaceOrientationPortrait UIInterfaceOrientationPortraitUpsideDown UIInterfaceOrientationLandscapeLeft UIInterfaceOrientationLandscapeRight";
				INFOPLIST_KEY_UISupportedInterfaceOrientations_iPhone = "UIInterfaceOrientationPortrait UIInterfaceOrientationLandscapeLeft UIInterfaceOrientationLandscapeRight";
				LD_RUNPATH_SEARCH_PATHS = (
					"$(inherited)",
					"@executable_path/Frameworks",
				);
				MARKETING_VERSION = 1.0;
				PRODUCT_BUNDLE_IDENTIFIER = com.vdshko.projects.CodeBase;
				PRODUCT_NAME = "$(TARGET_NAME)";
				SWIFT_EMIT_LOC_STRINGS = YES;
				SWIFT_VERSION = 5.0;
				TARGETED_DEVICE_FAMILY = "1,2";
			};
			name = Debug;
		};
		A1A880AD29CE7BA0001E232A /* Release */ = {
			isa = XCBuildConfiguration;
			baseConfigurationReference = 24AF3019135799BFAAE51A49 /* Pods-CodeBase.release.xcconfig */;
			buildSettings = {
				ASSETCATALOG_COMPILER_APPICON_NAME = AppIcon;
				ASSETCATALOG_COMPILER_GLOBAL_ACCENT_COLOR_NAME = AccentColor;
				CODE_SIGN_STYLE = Automatic;
				CURRENT_PROJECT_VERSION = 1;
				DEVELOPMENT_ASSET_PATHS = "\"CodeBase/Resources/Preview Content\"";
				DEVELOPMENT_TEAM = 4X4Z9SSNGG;
				ENABLE_PREVIEWS = YES;
				GENERATE_INFOPLIST_FILE = YES;
				INFOPLIST_FILE = CodeBase/Resources/Info.plist;
				INFOPLIST_KEY_UIApplicationSupportsIndirectInputEvents = YES;
				INFOPLIST_KEY_UILaunchScreen_Generation = YES;
				INFOPLIST_KEY_UISupportedInterfaceOrientations_iPad = "UIInterfaceOrientationPortrait UIInterfaceOrientationPortraitUpsideDown UIInterfaceOrientationLandscapeLeft UIInterfaceOrientationLandscapeRight";
				INFOPLIST_KEY_UISupportedInterfaceOrientations_iPhone = "UIInterfaceOrientationPortrait UIInterfaceOrientationLandscapeLeft UIInterfaceOrientationLandscapeRight";
				LD_RUNPATH_SEARCH_PATHS = (
					"$(inherited)",
					"@executable_path/Frameworks",
				);
				MARKETING_VERSION = 1.0;
				PRODUCT_BUNDLE_IDENTIFIER = com.vdshko.projects.CodeBase;
				PRODUCT_NAME = "$(TARGET_NAME)";
				SWIFT_EMIT_LOC_STRINGS = YES;
				SWIFT_VERSION = 5.0;
				TARGETED_DEVICE_FAMILY = "1,2";
			};
			name = Release;
		};
/* End XCBuildConfiguration section */

/* Begin XCConfigurationList section */
		A1A8809829CE7B9E001E232A /* Build configuration list for PBXProject "CodeBase" */ = {
			isa = XCConfigurationList;
			buildConfigurations = (
				A1A880A929CE7BA0001E232A /* Debug */,
				A1A880AA29CE7BA0001E232A /* Release */,
			);
			defaultConfigurationIsVisible = 0;
			defaultConfigurationName = Release;
		};
		A1A880AB29CE7BA0001E232A /* Build configuration list for PBXNativeTarget "CodeBase" */ = {
			isa = XCConfigurationList;
			buildConfigurations = (
				A1A880AC29CE7BA0001E232A /* Debug */,
				A1A880AD29CE7BA0001E232A /* Release */,
			);
			defaultConfigurationIsVisible = 0;
			defaultConfigurationName = Release;
		};
/* End XCConfigurationList section */

/* Begin XCVersionGroup section */
		A1A880B729CE8003001E232A /* CoreDataModel.xcdatamodeld */ = {
			isa = XCVersionGroup;
			children = (
				A1A880B829CE8003001E232A /* CoreDataModel.xcdatamodel */,
			);
			currentVersion = A1A880B829CE8003001E232A /* CoreDataModel.xcdatamodel */;
			path = CoreDataModel.xcdatamodeld;
			sourceTree = "<group>";
			versionGroupType = wrapper.xcdatamodel;
		};
/* End XCVersionGroup section */
	};
	rootObject = A1A8809529CE7B9E001E232A /* Project object */;
}
